# This file is automatically @generated by Cargo.
# It is not intended for manual editing.
version = 4

[[package]]
name = "nobox-abi"
version = "0.0.1"
dependencies = [
 "nobox-core",
 "nobox-utils",
]

[[package]]
name = "nobox-core"
version = "0.0.1"

[[package]]
name = "nobox-utils"
version = "0.0.1"
dependencies = [
 "nobox-core",
]
