# This file is automatically @generated by Cargo.
# It is not intended for manual editing.
version = 4

[[package]]
name = "boxsh-abi"
version = "0.0.1"
dependencies = [
 "boxsh-core",
 "boxsh-fs",
 "boxsh-utils",
]

[[package]]
name = "boxsh-core"
version = "0.0.1"

[[package]]
name = "boxsh-fs"
version = "0.0.1"

[[package]]
name = "boxsh-utils"
version = "0.0.1"
dependencies = [
 "boxsh-core",
]
