# This file is automatically @generated by Cargo.
# It is not intended for manual editing.
version = 4

[[package]]
name = "boxsh-abi"
version = "0.0.1"
dependencies = [
 "boxsh-commands",
 "boxsh-core",
 "boxsh-fs",
 "boxsh-shell",
 "boxsh-utils",
]

[[package]]
name = "boxsh-commands"
version = "0.0.1"
dependencies = [
 "boxsh-fs",
 "regex-lite",
]

[[package]]
name = "boxsh-core"
version = "0.0.1"

[[package]]
name = "boxsh-fs"
version = "0.0.1"

[[package]]
name = "boxsh-shell"
version = "0.0.1"
dependencies = [
 "boxsh-fs",
]

[[package]]
name = "boxsh-utils"
version = "0.0.1"
dependencies = [
 "boxsh-core",
]

[[package]]
name = "regex-lite"
version = "0.1.9"
source = "registry+https://github.com/rust-lang/crates.io-index"
checksum = "cab834c73d247e67f4fae452806d17d3c7501756d98c8808d7c9c7aa7d18f973"
